// !$*UTF8*$!
{
	archiveVersion = 1;
	classes = {
	};
	objectVersion = 77;
	objects = {

/* Begin PBXBuildFile section */
		01902A3786AD100D4BA3BCB6 /* RecorderViewModel.swift in Sources */ = {isa = PBXBuildFile; fileRef = 14ACFA2DEF35DFAC925D9297 /* RecorderViewModel.swift */; };
		074E25230D4CF1080DDD516E /* EngineSettingsViewModel.swift in Sources */ = {isa = PBXBuildFile; fileRef = 4D6A9F1778B8A27FA5638003 /* EngineSettingsViewModel.swift */; };
		130B2E2C89C90F0B5EF7E221 /* StatusChip.swift in Sources */ = {isa = PBXBuildFile; fileRef = 1698A651876176B212D06FB8 /* StatusChip.swift */; };
		13A62626334803FA25DA6516 /* RootView.swift in Sources */ = {isa = PBXBuildFile; fileRef = CAEE5190C9F9A94793B77C7C /* RootView.swift */; };
		1BF2F774E3AA092F849AEBE7 /* HistoryView.swift in Sources */ = {isa = PBXBuildFile; fileRef = A710610BF3B66223924FEA20 /* HistoryView.swift */; };
		1E23C15B6E10B85105E16F15 /* OnboardingViewModel.swift in Sources */ = {isa = PBXBuildFile; fileRef = C8FACC424A6D11033B17058A /* OnboardingViewModel.swift */; };
		1ECEB6CEC3C683A38B8CFCB0 /* SettingsView.swift in Sources */ = {isa = PBXBuildFile; fileRef = 6770C1B15A28CC35B18049A0 /* SettingsView.swift */; };
		27B3C4F31C6F46545463FEB4 /* ProviderKeyView.swift in Sources */ = {isa = PBXBuildFile; fileRef = 16587867D2FE8A2F031D5A7D /* ProviderKeyView.swift */; };
		36EF088DB05D9F85EB3ADDA7 /* AppState.swift in Sources */ = {isa = PBXBuildFile; fileRef = 56B36966F8272BE60C5F0271 /* AppState.swift */; };
		3B103317D0838329DBE964AA /* Copy.swift in Sources */ = {isa = PBXBuildFile; fileRef = 00D195DAD02FC7C5089B0D5C /* Copy.swift */; };
		460E4540FA3E3F1204637317 /* HomeViewModelTests.swift in Sources */ = {isa = PBXBuildFile; fileRef = DE386ED18E3758D99E1993FB /* HomeViewModelTests.swift */; };
		4F14AEC41A87ED2E2CDCBC3D /* Assets.xcassets in Resources */ = {isa = PBXBuildFile; fileRef = FBF74434C602C47E5BAA6CED /* Assets.xcassets */; };
		54B54117C0214C3CAD7AAA92 /* DictationPipelineTests.swift in Sources */ = {isa = PBXBuildFile; fileRef = BE88C50F31345F79BD1784EC /* DictationPipelineTests.swift */; };
		6DA49FB9CCA842FA4B2688C0 /* MurmurApp.swift in Sources */ = {isa = PBXBuildFile; fileRef = ED35761EBF7EF881FA0E7BB9 /* MurmurApp.swift */; };
		72AD50EE085019C02CBFC158 /* RecorderViewModelTests.swift in Sources */ = {isa = PBXBuildFile; fileRef = BFEFBC442B76041590F814C2 /* RecorderViewModelTests.swift */; };
		74ECE6E3168B85AF31BA35A3 /* HandoffTests.swift in Sources */ = {isa = PBXBuildFile; fileRef = 3B80931EAFDBEEA125B85E5A /* HandoffTests.swift */; };
		7FF0F4CB61C1F4DA1D50C3F2 /* OnboardingViewModelTests.swift in Sources */ = {isa = PBXBuildFile; fileRef = 1FCF80DB61B282A9F8772499 /* OnboardingViewModelTests.swift */; };
		8E7A9E5065E65382A7AB25DD /* HistoryViewModel.swift in Sources */ = {isa = PBXBuildFile; fileRef = B4DEC3AD36DB1D0A0B0AD94D /* HistoryViewModel.swift */; };
		91B409BF615E802A2F72B092 /* Card.swift in Sources */ = {isa = PBXBuildFile; fileRef = 62AA56BEE771F396FEFBA84B /* Card.swift */; };
		965395B586FC2E218C2584E9 /* HistoryStoreTests.swift in Sources */ = {isa = PBXBuildFile; fileRef = 3BF6D0335BBF3C2CC18E0465 /* HistoryStoreTests.swift */; };
		A1D598BE7BE7F424311C5823 /* CoreClientTests.swift in Sources */ = {isa = PBXBuildFile; fileRef = 4C982F3FC086F222E7E61F71 /* CoreClientTests.swift */; };
		A2442C5F0419464F9A05AD40 /* HistoryViewModelTests.swift in Sources */ = {isa = PBXBuildFile; fileRef = B43691A72E23692740BDCFD8 /* HistoryViewModelTests.swift */; };
		ADD927DCE86A60C57D44CB7D /* AppStateTests.swift in Sources */ = {isa = PBXBuildFile; fileRef = 02F842543701FDD158134FA0 /* AppStateTests.swift */; };
		B816F4F29A52C95E4DA1A77F /* HomeView.swift in Sources */ = {isa = PBXBuildFile; fileRef = 1B536D448C662786F47900CA /* HomeView.swift */; };
		C99598F93B4D939549DCD041 /* OnboardingView.swift in Sources */ = {isa = PBXBuildFile; fileRef = 163E144FC17541C89AA23977 /* OnboardingView.swift */; };
		CA0C5F232D86B3F9E135590A /* EngineSettingsViewModelTests.swift in Sources */ = {isa = PBXBuildFile; fileRef = 5E6062385927F5D937B0C1C5 /* EngineSettingsViewModelTests.swift */; };
		CCA6160297EC5A1677B8106D /* MurmurShared in Frameworks */ = {isa = PBXBuildFile; productRef = 7F84C9795039EB09B2A8A8E3 /* MurmurShared */; };
		DBCF0AB1BB3AABA20886CBAA /* SilenceDetectorTests.swift in Sources */ = {isa = PBXBuildFile; fileRef = 1ABB944B230B5227EF92C9D7 /* SilenceDetectorTests.swift */; };
		E331DCAB687AD7FC43537248 /* RecorderView.swift in Sources */ = {isa = PBXBuildFile; fileRef = A08DA41DC61F1E9FA4473A4B /* RecorderView.swift */; };
		E361E6861DCD5F4C29328803 /* KeychainTests.swift in Sources */ = {isa = PBXBuildFile; fileRef = 745B1FAABE84FAB73AC85298 /* KeychainTests.swift */; };
		ECD89E9762CD86CA88B0C5FF /* SettingsTests.swift in Sources */ = {isa = PBXBuildFile; fileRef = 419F13E44B83582054D8A6D3 /* SettingsTests.swift */; };
		EE5B81D0192BEBA953B7973A /* RecordingIndicator.swift in Sources */ = {isa = PBXBuildFile; fileRef = 88E22B2179A6C4875EB88D2D /* RecordingIndicator.swift */; };
		FD982E72033A230C7766FF2C /* HomeViewModel.swift in Sources */ = {isa = PBXBuildFile; fileRef = 1FD52AB16BBE54DAB5BC8237 /* HomeViewModel.swift */; };
/* End PBXBuildFile section */

/* Begin PBXContainerItemProxy section */
		9AB8BC0B749AEA76FA6404A8 /* PBXContainerItemProxy */ = {
			isa = PBXContainerItemProxy;
			containerPortal = 212C51E196E4C5F2E057C421 /* Project object */;
			proxyType = 1;
			remoteGlobalIDString = 42F900FA13D760CB89CF4141;
			remoteInfo = Murmur;
		};
/* End PBXContainerItemProxy section */

/* Begin PBXFileReference section */
		00D195DAD02FC7C5089B0D5C /* Copy.swift */ = {isa = PBXFileReference; lastKnownFileType = sourcecode.swift; path = Copy.swift; sourceTree = "<group>"; };
		02F842543701FDD158134FA0 /* AppStateTests.swift */ = {isa = PBXFileReference; lastKnownFileType = sourcecode.swift; path = AppStateTests.swift; sourceTree = "<group>"; };
		14ACFA2DEF35DFAC925D9297 /* RecorderViewModel.swift */ = {isa = PBXFileReference; lastKnownFileType = sourcecode.swift; path = RecorderViewModel.swift; sourceTree = "<group>"; };
		163E144FC17541C89AA23977 /* OnboardingView.swift */ = {isa = PBXFileReference; lastKnownFileType = sourcecode.swift; path = OnboardingView.swift; sourceTree = "<group>"; };
		16587867D2FE8A2F031D5A7D /* ProviderKeyView.swift */ = {isa = PBXFileReference; lastKnownFileType = sourcecode.swift; path = ProviderKeyView.swift; sourceTree = "<group>"; };
		1698A651876176B212D06FB8 /* StatusChip.swift */ = {isa = PBXFileReference; lastKnownFileType = sourcecode.swift; path = StatusChip.swift; sourceTree = "<group>"; };
		1ABB944B230B5227EF92C9D7 /* SilenceDetectorTests.swift */ = {isa = PBXFileReference; lastKnownFileType = sourcecode.swift; path = SilenceDetectorTests.swift; sourceTree = "<group>"; };
		1B536D448C662786F47900CA /* HomeView.swift */ = {isa = PBXFileReference; lastKnownFileType = sourcecode.swift; path = HomeView.swift; sourceTree = "<group>"; };
		1EC05706BDDF617F2CBF12AD /* MurmurTests.xctest */ = {isa = PBXFileReference; includeInIndex = 0; lastKnownFileType = wrapper.cfbundle; path = MurmurTests.xctest; sourceTree = BUILT_PRODUCTS_DIR; };
		1FCF80DB61B282A9F8772499 /* OnboardingViewModelTests.swift */ = {isa = PBXFileReference; lastKnownFileType = sourcecode.swift; path = OnboardingViewModelTests.swift; sourceTree = "<group>"; };
		1FD52AB16BBE54DAB5BC8237 /* HomeViewModel.swift */ = {isa = PBXFileReference; lastKnownFileType = sourcecode.swift; path = HomeViewModel.swift; sourceTree = "<group>"; };
		30819F7CC91414EA34927C44 /* MurmurShared */ = {isa = PBXFileReference; lastKnownFileType = folder; name = MurmurShared; path = MurmurShared; sourceTree = SOURCE_ROOT; };
		3B80931EAFDBEEA125B85E5A /* HandoffTests.swift */ = {isa = PBXFileReference; lastKnownFileType = sourcecode.swift; path = HandoffTests.swift; sourceTree = "<group>"; };
		3BF6D0335BBF3C2CC18E0465 /* HistoryStoreTests.swift */ = {isa = PBXFileReference; lastKnownFileType = sourcecode.swift; path = HistoryStoreTests.swift; sourceTree = "<group>"; };
		419F13E44B83582054D8A6D3 /* SettingsTests.swift */ = {isa = PBXFileReference; lastKnownFileType = sourcecode.swift; path = SettingsTests.swift; sourceTree = "<group>"; };
		4C982F3FC086F222E7E61F71 /* CoreClientTests.swift */ = {isa = PBXFileReference; lastKnownFileType = sourcecode.swift; path = CoreClientTests.swift; sourceTree = "<group>"; };
		4D6A9F1778B8A27FA5638003 /* EngineSettingsViewModel.swift */ = {isa = PBXFileReference; lastKnownFileType = sourcecode.swift; path = EngineSettingsViewModel.swift; sourceTree = "<group>"; };
		56B36966F8272BE60C5F0271 /* AppState.swift */ = {isa = PBXFileReference; lastKnownFileType = sourcecode.swift; path = AppState.swift; sourceTree = "<group>"; };
		5E6062385927F5D937B0C1C5 /* EngineSettingsViewModelTests.swift */ = {isa = PBXFileReference; lastKnownFileType = sourcecode.swift; path = EngineSettingsViewModelTests.swift; sourceTree = "<group>"; };
		62AA56BEE771F396FEFBA84B /* Card.swift */ = {isa = PBXFileReference; lastKnownFileType = sourcecode.swift; path = Card.swift; sourceTree = "<group>"; };
		6770C1B15A28CC35B18049A0 /* SettingsView.swift */ = {isa = PBXFileReference; lastKnownFileType = sourcecode.swift; path = SettingsView.swift; sourceTree = "<group>"; };
		705220A3846AC6270FEBBC24 /* Murmur.entitlements */ = {isa = PBXFileReference; lastKnownFileType = text.plist.entitlements; path = Murmur.entitlements; sourceTree = "<group>"; };
		745B1FAABE84FAB73AC85298 /* KeychainTests.swift */ = {isa = PBXFileReference; lastKnownFileType = sourcecode.swift; path = KeychainTests.swift; sourceTree = "<group>"; };
		88E22B2179A6C4875EB88D2D /* RecordingIndicator.swift */ = {isa = PBXFileReference; lastKnownFileType = sourcecode.swift; path = RecordingIndicator.swift; sourceTree = "<group>"; };
		A08DA41DC61F1E9FA4473A4B /* RecorderView.swift */ = {isa = PBXFileReference; lastKnownFileType = sourcecode.swift; path = RecorderView.swift; sourceTree = "<group>"; };
		A710610BF3B66223924FEA20 /* HistoryView.swift */ = {isa = PBXFileReference; lastKnownFileType = sourcecode.swift; path = HistoryView.swift; sourceTree = "<group>"; };
		B43691A72E23692740BDCFD8 /* HistoryViewModelTests.swift */ = {isa = PBXFileReference; lastKnownFileType = sourcecode.swift; path = HistoryViewModelTests.swift; sourceTree = "<group>"; };
		B4DEC3AD36DB1D0A0B0AD94D /* HistoryViewModel.swift */ = {isa = PBXFileReference; lastKnownFileType = sourcecode.swift; path = HistoryViewModel.swift; sourceTree = "<group>"; };
		BA0E563F85E519D1E62A21CB /* Info.plist */ = {isa = PBXFileReference; lastKnownFileType = text.plist; path = Info.plist; sourceTree = "<group>"; };
		BE88C50F31345F79BD1784EC /* DictationPipelineTests.swift */ = {isa = PBXFileReference; lastKnownFileType = sourcecode.swift; path = DictationPipelineTests.swift; sourceTree = "<group>"; };
		BFEFBC442B76041590F814C2 /* RecorderViewModelTests.swift */ = {isa = PBXFileReference; lastKnownFileType = sourcecode.swift; path = RecorderViewModelTests.swift; sourceTree = "<group>"; };
		C834EC374C4A986C47F46292 /* Murmur.app */ = {isa = PBXFileReference; includeInIndex = 0; lastKnownFileType = wrapper.application; path = Murmur.app; sourceTree = BUILT_PRODUCTS_DIR; };
		C8FACC424A6D11033B17058A /* OnboardingViewModel.swift */ = {isa = PBXFileReference; lastKnownFileType = sourcecode.swift; path = OnboardingViewModel.swift; sourceTree = "<group>"; };
		CAEE5190C9F9A94793B77C7C /* RootView.swift */ = {isa = PBXFileReference; lastKnownFileType = sourcecode.swift; path = RootView.swift; sourceTree = "<group>"; };
		DE386ED18E3758D99E1993FB /* HomeViewModelTests.swift */ = {isa = PBXFileReference; lastKnownFileType = sourcecode.swift; path = HomeViewModelTests.swift; sourceTree = "<group>"; };
		ED35761EBF7EF881FA0E7BB9 /* MurmurApp.swift */ = {isa = PBXFileReference; lastKnownFileType = sourcecode.swift; path = MurmurApp.swift; sourceTree = "<group>"; };
		FBF74434C602C47E5BAA6CED /* Assets.xcassets */ = {isa = PBXFileReference; lastKnownFileType = folder.assetcatalog; path = Assets.xcassets; sourceTree = "<group>"; };
/* End PBXFileReference section */

/* Begin PBXFrameworksBuildPhase section */
		D9FDE2E088591FE29B875987 /* Frameworks */ = {
			isa = PBXFrameworksBuildPhase;
			buildActionMask = 2147483647;
			files = (
				CCA6160297EC5A1677B8106D /* MurmurShared in Frameworks */,
			);
			runOnlyForDeploymentPostprocessing = 0;
		};
/* End PBXFrameworksBuildPhase section */

/* Begin PBXGroup section */
		001444262D284F2CB5040E1E /* Products */ = {
			isa = PBXGroup;
			children = (
				C834EC374C4A986C47F46292 /* Murmur.app */,
				1EC05706BDDF617F2CBF12AD /* MurmurTests.xctest */,
			);
			name = Products;
			sourceTree = "<group>";
		};
		125C5A0ABCBBF46870EA48CF /* Home */ = {
			isa = PBXGroup;
			children = (
				1B536D448C662786F47900CA /* HomeView.swift */,
				1FD52AB16BBE54DAB5BC8237 /* HomeViewModel.swift */,
			);
			path = Home;
			sourceTree = "<group>";
		};
		55AFDC8326A0474CEB29A9C9 = {
			isa = PBXGroup;
			children = (
				C069B21BE9D463290D39AC6C /* Murmur */,
				D064D13018AAF8C4246A05D3 /* MurmurTests */,
				59F28B1FCF6287698AD0412D /* Packages */,
				001444262D284F2CB5040E1E /* Products */,
			);
			sourceTree = "<group>";
		};
		59F28B1FCF6287698AD0412D /* Packages */ = {
			isa = PBXGroup;
			children = (
				30819F7CC91414EA34927C44 /* MurmurShared */,
			);
			name = Packages;
			sourceTree = "<group>";
		};
		6E2DDEF1D5591C1D2082B44E /* Components */ = {
			isa = PBXGroup;
			children = (
				62AA56BEE771F396FEFBA84B /* Card.swift */,
				1698A651876176B212D06FB8 /* StatusChip.swift */,
			);
			path = Components;
			sourceTree = "<group>";
		};
		966DD6966CBDFDD6E047ADA8 /* Onboarding */ = {
			isa = PBXGroup;
			children = (
				163E144FC17541C89AA23977 /* OnboardingView.swift */,
				C8FACC424A6D11033B17058A /* OnboardingViewModel.swift */,
			);
			path = Onboarding;
			sourceTree = "<group>";
		};
		A4B12FA7A182B89C6C13611B /* Recorder */ = {
			isa = PBXGroup;
			children = (
				A08DA41DC61F1E9FA4473A4B /* RecorderView.swift */,
				14ACFA2DEF35DFAC925D9297 /* RecorderViewModel.swift */,
				88E22B2179A6C4875EB88D2D /* RecordingIndicator.swift */,
			);
			path = Recorder;
			sourceTree = "<group>";
		};
		B2ED274F687B87D3AC9EC907 /* History */ = {
			isa = PBXGroup;
			children = (
				A710610BF3B66223924FEA20 /* HistoryView.swift */,
				B4DEC3AD36DB1D0A0B0AD94D /* HistoryViewModel.swift */,
			);
			path = History;
			sourceTree = "<group>";
		};
		C069B21BE9D463290D39AC6C /* Murmur */ = {
			isa = PBXGroup;
			children = (
				56B36966F8272BE60C5F0271 /* AppState.swift */,
				FBF74434C602C47E5BAA6CED /* Assets.xcassets */,
				00D195DAD02FC7C5089B0D5C /* Copy.swift */,
				BA0E563F85E519D1E62A21CB /* Info.plist */,
				705220A3846AC6270FEBBC24 /* Murmur.entitlements */,
				ED35761EBF7EF881FA0E7BB9 /* MurmurApp.swift */,
				CAEE5190C9F9A94793B77C7C /* RootView.swift */,
				6E2DDEF1D5591C1D2082B44E /* Components */,
				B2ED274F687B87D3AC9EC907 /* History */,
				125C5A0ABCBBF46870EA48CF /* Home */,
				966DD6966CBDFDD6E047ADA8 /* Onboarding */,
				A4B12FA7A182B89C6C13611B /* Recorder */,
				E643222FE8B88F98124745ED /* Settings */,
			);
			path = Murmur;
			sourceTree = "<group>";
		};
		D064D13018AAF8C4246A05D3 /* MurmurTests */ = {
			isa = PBXGroup;
			children = (
				02F842543701FDD158134FA0 /* AppStateTests.swift */,
				4C982F3FC086F222E7E61F71 /* CoreClientTests.swift */,
				BE88C50F31345F79BD1784EC /* DictationPipelineTests.swift */,
				5E6062385927F5D937B0C1C5 /* EngineSettingsViewModelTests.swift */,
				3B80931EAFDBEEA125B85E5A /* HandoffTests.swift */,
				3BF6D0335BBF3C2CC18E0465 /* HistoryStoreTests.swift */,
				B43691A72E23692740BDCFD8 /* HistoryViewModelTests.swift */,
				DE386ED18E3758D99E1993FB /* HomeViewModelTests.swift */,
				745B1FAABE84FAB73AC85298 /* KeychainTests.swift */,
				1FCF80DB61B282A9F8772499 /* OnboardingViewModelTests.swift */,
				BFEFBC442B76041590F814C2 /* RecorderViewModelTests.swift */,
				419F13E44B83582054D8A6D3 /* SettingsTests.swift */,
				1ABB944B230B5227EF92C9D7 /* SilenceDetectorTests.swift */,
			);
			path = MurmurTests;
			sourceTree = "<group>";
		};
		E643222FE8B88F98124745ED /* Settings */ = {
			isa = PBXGroup;
			children = (
				4D6A9F1778B8A27FA5638003 /* EngineSettingsViewModel.swift */,
				16587867D2FE8A2F031D5A7D /* ProviderKeyView.swift */,
				6770C1B15A28CC35B18049A0 /* SettingsView.swift */,
			);
			path = Settings;
			sourceTree = "<group>";
		};
/* End PBXGroup section */

/* Begin PBXNativeTarget section */
		20EFC0E04F507A87E4831E0B /* MurmurTests */ = {
			isa = PBXNativeTarget;
			buildConfigurationList = 5CE6E3D0D13150E1B19FB9EB /* Build configuration list for PBXNativeTarget "MurmurTests" */;
			buildPhases = (
				C63D8444FF4AE8568C9D7274 /* Sources */,
			);
			buildRules = (
			);
			dependencies = (
				7B6D1123B37343D45528C41E /* PBXTargetDependency */,
			);
			name = MurmurTests;
			packageProductDependencies = (
			);
			productName = MurmurTests;
			productReference = 1EC05706BDDF617F2CBF12AD /* MurmurTests.xctest */;
			productType = "com.apple.product-type.bundle.unit-test";
		};
		42F900FA13D760CB89CF4141 /* Murmur */ = {
			isa = PBXNativeTarget;
			buildConfigurationList = EDB1F9ED9EE411689FF7A246 /* Build configuration list for PBXNativeTarget "Murmur" */;
			buildPhases = (
				9CF1344983CBB81F9B202D30 /* Build MurmurCore */,
				55FA5046E9EFCAD54C9E8A85 /* Sources */,
				5D518C0DA7FA93F54066B380 /* Resources */,
				D9FDE2E088591FE29B875987 /* Frameworks */,
			);
			buildRules = (
			);
			dependencies = (
			);
			name = Murmur;
			packageProductDependencies = (
				7F84C9795039EB09B2A8A8E3 /* MurmurShared */,
			);
			productName = Murmur;
			productReference = C834EC374C4A986C47F46292 /* Murmur.app */;
			productType = "com.apple.product-type.application";
		};
/* End PBXNativeTarget section */

/* Begin PBXProject section */
		212C51E196E4C5F2E057C421 /* Project object */ = {
			isa = PBXProject;
			attributes = {
				BuildIndependentTargetsInParallel = YES;
				LastUpgradeCheck = 1430;
				TargetAttributes = {
					20EFC0E04F507A87E4831E0B = {
						DevelopmentTeam = X9PU63GUAN;
						ProvisioningStyle = Automatic;
					};
					42F900FA13D760CB89CF4141 = {
						DevelopmentTeam = X9PU63GUAN;
						ProvisioningStyle = Automatic;
					};
				};
			};
			buildConfigurationList = 7BC53DFDF5746356F727BB31 /* Build configuration list for PBXProject "Murmur" */;
			developmentRegion = en;
			hasScannedForEncodings = 0;
			knownRegions = (
				Base,
				en,
			);
			mainGroup = 55AFDC8326A0474CEB29A9C9;
			minimizedProjectReferenceProxies = 1;
			packageReferences = (
				9A70A7ACA0C6A265BC4E959F /* XCLocalSwiftPackageReference "MurmurShared" */,
			);
			preferredProjectObjectVersion = 77;
			productRefGroup = 001444262D284F2CB5040E1E /* Products */;
			projectDirPath = "";
			projectRoot = "";
			targets = (
				42F900FA13D760CB89CF4141 /* Murmur */,
				20EFC0E04F507A87E4831E0B /* MurmurTests */,
			);
		};
/* End PBXProject section */

/* Begin PBXResourcesBuildPhase section */
		5D518C0DA7FA93F54066B380 /* Resources */ = {
			isa = PBXResourcesBuildPhase;
			buildActionMask = 2147483647;
			files = (
				4F14AEC41A87ED2E2CDCBC3D /* Assets.xcassets in Resources */,
			);
			runOnlyForDeploymentPostprocessing = 0;
		};
/* End PBXResourcesBuildPhase section */

/* Begin PBXShellScriptBuildPhase section */
		9CF1344983CBB81F9B202D30 /* Build MurmurCore */ = {
			isa = PBXShellScriptBuildPhase;
			alwaysOutOfDate = 1;
			buildActionMask = 2147483647;
			files = (
			);
			inputFileListPaths = (
			);
			inputPaths = (
			);
			name = "Build MurmurCore";
			outputFileListPaths = (
			);
			outputPaths = (
			);
			runOnlyForDeploymentPostprocessing = 0;
			shellPath = /bin/sh;
			shellScript = "env -u SDKROOT -u PLATFORM_NAME -u IPHONEOS_DEPLOYMENT_TARGET \\\n    -u MACOSX_DEPLOYMENT_TARGET -u CPATH -u LIBRARY_PATH \\\n    \"$SRCROOT/../scripts/build-core-mobile.sh\" ios\n";
		};
/* End PBXShellScriptBuildPhase section */

/* Begin PBXSourcesBuildPhase section */
		55FA5046E9EFCAD54C9E8A85 /* Sources */ = {
			isa = PBXSourcesBuildPhase;
			buildActionMask = 2147483647;
			files = (
				36EF088DB05D9F85EB3ADDA7 /* AppState.swift in Sources */,
				91B409BF615E802A2F72B092 /* Card.swift in Sources */,
				3B103317D0838329DBE964AA /* Copy.swift in Sources */,
				074E25230D4CF1080DDD516E /* EngineSettingsViewModel.swift in Sources */,
				1BF2F774E3AA092F849AEBE7 /* HistoryView.swift in Sources */,
				8E7A9E5065E65382A7AB25DD /* HistoryViewModel.swift in Sources */,
				B816F4F29A52C95E4DA1A77F /* HomeView.swift in Sources */,
				FD982E72033A230C7766FF2C /* HomeViewModel.swift in Sources */,
				6DA49FB9CCA842FA4B2688C0 /* MurmurApp.swift in Sources */,
				C99598F93B4D939549DCD041 /* OnboardingView.swift in Sources */,
				1E23C15B6E10B85105E16F15 /* OnboardingViewModel.swift in Sources */,
				27B3C4F31C6F46545463FEB4 /* ProviderKeyView.swift in Sources */,
				E331DCAB687AD7FC43537248 /* RecorderView.swift in Sources */,
				01902A3786AD100D4BA3BCB6 /* RecorderViewModel.swift in Sources */,
				EE5B81D0192BEBA953B7973A /* RecordingIndicator.swift in Sources */,
				13A62626334803FA25DA6516 /* RootView.swift in Sources */,
				1ECEB6CEC3C683A38B8CFCB0 /* SettingsView.swift in Sources */,
				130B2E2C89C90F0B5EF7E221 /* StatusChip.swift in Sources */,
			);
			runOnlyForDeploymentPostprocessing = 0;
		};
		C63D8444FF4AE8568C9D7274 /* Sources */ = {
			isa = PBXSourcesBuildPhase;
			buildActionMask = 2147483647;
			files = (
				ADD927DCE86A60C57D44CB7D /* AppStateTests.swift in Sources */,
				A1D598BE7BE7F424311C5823 /* CoreClientTests.swift in Sources */,
				54B54117C0214C3CAD7AAA92 /* DictationPipelineTests.swift in Sources */,
				CA0C5F232D86B3F9E135590A /* EngineSettingsViewModelTests.swift in Sources */,
				74ECE6E3168B85AF31BA35A3 /* HandoffTests.swift in Sources */,
				965395B586FC2E218C2584E9 /* HistoryStoreTests.swift in Sources */,
				A2442C5F0419464F9A05AD40 /* HistoryViewModelTests.swift in Sources */,
				460E4540FA3E3F1204637317 /* HomeViewModelTests.swift in Sources */,
				E361E6861DCD5F4C29328803 /* KeychainTests.swift in Sources */,
				7FF0F4CB61C1F4DA1D50C3F2 /* OnboardingViewModelTests.swift in Sources */,
				72AD50EE085019C02CBFC158 /* RecorderViewModelTests.swift in Sources */,
				ECD89E9762CD86CA88B0C5FF /* SettingsTests.swift in Sources */,
				DBCF0AB1BB3AABA20886CBAA /* SilenceDetectorTests.swift in Sources */,
			);
			runOnlyForDeploymentPostprocessing = 0;
		};
/* End PBXSourcesBuildPhase section */

/* Begin PBXTargetDependency section */
		7B6D1123B37343D45528C41E /* PBXTargetDependency */ = {
			isa = PBXTargetDependency;
			target = 42F900FA13D760CB89CF4141 /* Murmur */;
			targetProxy = 9AB8BC0B749AEA76FA6404A8 /* PBXContainerItemProxy */;
		};
/* End PBXTargetDependency section */

/* Begin XCBuildConfiguration section */
		355F4A46252484FA15A00B8B /* Debug */ = {
			isa = XCBuildConfiguration;
			buildSettings = {
				ASSETCATALOG_COMPILER_APPICON_NAME = AppIcon;
				CODE_SIGN_ENTITLEMENTS = Murmur/Murmur.entitlements;
				CODE_SIGN_IDENTITY = "iPhone Developer";
				GENERATE_INFOPLIST_FILE = NO;
				INFOPLIST_FILE = Murmur/Info.plist;
				LD_RUNPATH_SEARCH_PATHS = (
					"$(inherited)",
					"@executable_path/Frameworks",
				);
				PRODUCT_BUNDLE_IDENTIFIER = com.murmur.app;
				SDKROOT = iphoneos;
				TARGETED_DEVICE_FAMILY = "1,2";
			};
			name = Debug;
		};
		420C7B55FE80794C3EBC41C9 /* Debug */ = {
			isa = XCBuildConfiguration;
			buildSettings = {
				BUNDLE_LOADER = "$(TEST_HOST)";
				GENERATE_INFOPLIST_FILE = YES;
				LD_RUNPATH_SEARCH_PATHS = (
					"$(inherited)",
					"@executable_path/Frameworks",
					"@loader_path/Frameworks",
				);
				PRODUCT_BUNDLE_IDENTIFIER = com.murmur.app.tests;
				SDKROOT = iphoneos;
				TARGETED_DEVICE_FAMILY = "1,2";
				TEST_HOST = "$(BUILT_PRODUCTS_DIR)/Murmur.app/Murmur";
			};
			name = Debug;
		};
		780199B9044B5F76C0A845AC /* Release */ = {
			isa = XCBuildConfiguration;
			buildSettings = {
				ASSETCATALOG_COMPILER_APPICON_NAME = AppIcon;
				CODE_SIGN_ENTITLEMENTS = Murmur/Murmur.entitlements;
				CODE_SIGN_IDENTITY = "iPhone Developer";
				GENERATE_INFOPLIST_FILE = NO;
				INFOPLIST_FILE = Murmur/Info.plist;
				LD_RUNPATH_SEARCH_PATHS = (
					"$(inherited)",
					"@executable_path/Frameworks",
				);
				PRODUCT_BUNDLE_IDENTIFIER = com.murmur.app;
				SDKROOT = iphoneos;
				TARGETED_DEVICE_FAMILY = "1,2";
			};
			name = Release;
		};
		9191DF2C32DAEF5A429C8A63 /* Release */ = {
			isa = XCBuildConfiguration;
			buildSettings = {
				ALWAYS_SEARCH_USER_PATHS = NO;
				CLANG_ANALYZER_NONNULL = YES;
				CLANG_ANALYZER_NUMBER_OBJECT_CONVERSION = YES_AGGRESSIVE;
				CLANG_CXX_LANGUAGE_STANDARD = "gnu++14";
				CLANG_CXX_LIBRARY = "libc++";
				CLANG_ENABLE_MODULES = YES;
				CLANG_ENABLE_OBJC_ARC = YES;
				CLANG_ENABLE_OBJC_WEAK = YES;
				CLANG_WARN_BLOCK_CAPTURE_AUTORELEASING = YES;
				CLANG_WARN_BOOL_CONVERSION = YES;
				CLANG_WARN_COMMA = YES;
				CLANG_WARN_CONSTANT_CONVERSION = YES;
				CLANG_WARN_DEPRECATED_OBJC_IMPLEMENTATIONS = YES;
				CLANG_WARN_DIRECT_OBJC_ISA_USAGE = YES_ERROR;
				CLANG_WARN_DOCUMENTATION_COMMENTS = YES;
				CLANG_WARN_EMPTY_BODY = YES;
				CLANG_WARN_ENUM_CONVERSION = YES;
				CLANG_WARN_INFINITE_RECURSION = YES;
				CLANG_WARN_INT_CONVERSION = YES;
				CLANG_WARN_NON_LITERAL_NULL_CONVERSION = YES;
				CLANG_WARN_OBJC_IMPLICIT_RETAIN_SELF = YES;
				CLANG_WARN_OBJC_LITERAL_CONVERSION = YES;
				CLANG_WARN_OBJC_ROOT_CLASS = YES_ERROR;
				CLANG_WARN_QUOTED_INCLUDE_IN_FRAMEWORK_HEADER = YES;
				CLANG_WARN_RANGE_LOOP_ANALYSIS = YES;
				CLANG_WARN_STRICT_PROTOTYPES = YES;
				CLANG_WARN_SUSPICIOUS_MOVE = YES;
				CLANG_WARN_UNGUARDED_AVAILABILITY = YES_AGGRESSIVE;
				CLANG_WARN_UNREACHABLE_CODE = YES;
				CLANG_WARN__DUPLICATE_METHOD_MATCH = YES;
				CODE_SIGN_STYLE = Automatic;
				COPY_PHASE_STRIP = NO;
				DEBUG_INFORMATION_FORMAT = "dwarf-with-dsym";
				DEVELOPMENT_TEAM = X9PU63GUAN;
				ENABLE_NS_ASSERTIONS = NO;
				ENABLE_STRICT_OBJC_MSGSEND = YES;
				GCC_C_LANGUAGE_STANDARD = gnu11;
				GCC_NO_COMMON_BLOCKS = YES;
				GCC_WARN_64_TO_32_BIT_CONVERSION = YES;
				GCC_WARN_ABOUT_RETURN_TYPE = YES_ERROR;
				GCC_WARN_UNDECLARED_SELECTOR = YES;
				GCC_WARN_UNINITIALIZED_AUTOS = YES_AGGRESSIVE;
				GCC_WARN_UNUSED_FUNCTION = YES;
				GCC_WARN_UNUSED_VARIABLE = YES;
				IPHONEOS_DEPLOYMENT_TARGET = 17.0;
				MTL_ENABLE_DEBUG_INFO = NO;
				MTL_FAST_MATH = YES;
				PRODUCT_NAME = "$(TARGET_NAME)";
				SDKROOT = iphoneos;
				SWIFT_COMPILATION_MODE = wholemodule;
				SWIFT_OPTIMIZATION_LEVEL = "-O";
				SWIFT_VERSION = 5.10;
			};
			name = Release;
		};
		A7197FFA1B8526DE3403FF3D /* Release */ = {
			isa = XCBuildConfiguration;
			buildSettings = {
				BUNDLE_LOADER = "$(TEST_HOST)";
				GENERATE_INFOPLIST_FILE = YES;
				LD_RUNPATH_SEARCH_PATHS = (
					"$(inherited)",
					"@executable_path/Frameworks",
					"@loader_path/Frameworks",
				);
				PRODUCT_BUNDLE_IDENTIFIER = com.murmur.app.tests;
				SDKROOT = iphoneos;
				TARGETED_DEVICE_FAMILY = "1,2";
				TEST_HOST = "$(BUILT_PRODUCTS_DIR)/Murmur.app/Murmur";
			};
			name = Release;
		};
		CD9AB829B5233A7B770568EE /* Debug */ = {
			isa = XCBuildConfiguration;
			buildSettings = {
				ALWAYS_SEARCH_USER_PATHS = NO;
				CLANG_ANALYZER_NONNULL = YES;
				CLANG_ANALYZER_NUMBER_OBJECT_CONVERSION = YES_AGGRESSIVE;
				CLANG_CXX_LANGUAGE_STANDARD = "gnu++14";
				CLANG_CXX_LIBRARY = "libc++";
				CLANG_ENABLE_MODULES = YES;
				CLANG_ENABLE_OBJC_ARC = YES;
				CLANG_ENABLE_OBJC_WEAK = YES;
				CLANG_WARN_BLOCK_CAPTURE_AUTORELEASING = YES;
				CLANG_WARN_BOOL_CONVERSION = YES;
				CLANG_WARN_COMMA = YES;
				CLANG_WARN_CONSTANT_CONVERSION = YES;
				CLANG_WARN_DEPRECATED_OBJC_IMPLEMENTATIONS = YES;
				CLANG_WARN_DIRECT_OBJC_ISA_USAGE = YES_ERROR;
				CLANG_WARN_DOCUMENTATION_COMMENTS = YES;
				CLANG_WARN_EMPTY_BODY = YES;
				CLANG_WARN_ENUM_CONVERSION = YES;
				CLANG_WARN_INFINITE_RECURSION = YES;
				CLANG_WARN_INT_CONVERSION = YES;
				CLANG_WARN_NON_LITERAL_NULL_CONVERSION = YES;
				CLANG_WARN_OBJC_IMPLICIT_RETAIN_SELF = YES;
				CLANG_WARN_OBJC_LITERAL_CONVERSION = YES;
				CLANG_WARN_OBJC_ROOT_CLASS = YES_ERROR;
				CLANG_WARN_QUOTED_INCLUDE_IN_FRAMEWORK_HEADER = YES;
				CLANG_WARN_RANGE_LOOP_ANALYSIS = YES;
				CLANG_WARN_STRICT_PROTOTYPES = YES;
				CLANG_WARN_SUSPICIOUS_MOVE = YES;
				CLANG_WARN_UNGUARDED_AVAILABILITY = YES_AGGRESSIVE;
				CLANG_WARN_UNREACHABLE_CODE = YES;
				CLANG_WARN__DUPLICATE_METHOD_MATCH = YES;
				CODE_SIGN_STYLE = Automatic;
				COPY_PHASE_STRIP = NO;
				DEBUG_INFORMATION_FORMAT = dwarf;
				DEVELOPMENT_TEAM = X9PU63GUAN;
				ENABLE_STRICT_OBJC_MSGSEND = YES;
				ENABLE_TESTABILITY = YES;
				GCC_C_LANGUAGE_STANDARD = gnu11;
				GCC_DYNAMIC_NO_PIC = NO;
				GCC_NO_COMMON_BLOCKS = YES;
				GCC_OPTIMIZATION_LEVEL = 0;
				GCC_PREPROCESSOR_DEFINITIONS = (
					"$(inherited)",
					"DEBUG=1",
				);
				GCC_WARN_64_TO_32_BIT_CONVERSION = YES;
				GCC_WARN_ABOUT_RETURN_TYPE = YES_ERROR;
				GCC_WARN_UNDECLARED_SELECTOR = YES;
				GCC_WARN_UNINITIALIZED_AUTOS = YES_AGGRESSIVE;
				GCC_WARN_UNUSED_FUNCTION = YES;
				GCC_WARN_UNUSED_VARIABLE = YES;
				IPHONEOS_DEPLOYMENT_TARGET = 17.0;
				MTL_ENABLE_DEBUG_INFO = INCLUDE_SOURCE;
				MTL_FAST_MATH = YES;
				ONLY_ACTIVE_ARCH = YES;
				PRODUCT_NAME = "$(TARGET_NAME)";
				SDKROOT = iphoneos;
				SWIFT_ACTIVE_COMPILATION_CONDITIONS = DEBUG;
				SWIFT_OPTIMIZATION_LEVEL = "-Onone";
				SWIFT_VERSION = 5.10;
			};
			name = Debug;
		};
/* End XCBuildConfiguration section */

/* Begin XCConfigurationList section */
		5CE6E3D0D13150E1B19FB9EB /* Build configuration list for PBXNativeTarget "MurmurTests" */ = {
			isa = XCConfigurationList;
			buildConfigurations = (
				420C7B55FE80794C3EBC41C9 /* Debug */,
				A7197FFA1B8526DE3403FF3D /* Release */,
			);
			defaultConfigurationIsVisible = 0;
			defaultConfigurationName = Debug;
		};
		7BC53DFDF5746356F727BB31 /* Build configuration list for PBXProject "Murmur" */ = {
			isa = XCConfigurationList;
			buildConfigurations = (
				CD9AB829B5233A7B770568EE /* Debug */,
				9191DF2C32DAEF5A429C8A63 /* Release */,
			);
			defaultConfigurationIsVisible = 0;
			defaultConfigurationName = Debug;
		};
		EDB1F9ED9EE411689FF7A246 /* Build configuration list for PBXNativeTarget "Murmur" */ = {
			isa = XCConfigurationList;
			buildConfigurations = (
				355F4A46252484FA15A00B8B /* Debug */,
				780199B9044B5F76C0A845AC /* Release */,
			);
			defaultConfigurationIsVisible = 0;
			defaultConfigurationName = Debug;
		};
/* End XCConfigurationList section */

/* Begin XCLocalSwiftPackageReference section */
		9A70A7ACA0C6A265BC4E959F /* XCLocalSwiftPackageReference "MurmurShared" */ = {
			isa = XCLocalSwiftPackageReference;
			relativePath = MurmurShared;
		};
/* End XCLocalSwiftPackageReference section */

/* Begin XCSwiftPackageProductDependency section */
		7F84C9795039EB09B2A8A8E3 /* MurmurShared */ = {
			isa = XCSwiftPackageProductDependency;
			productName = MurmurShared;
		};
/* End XCSwiftPackageProductDependency section */
	};
	rootObject = 212C51E196E4C5F2E057C421 /* Project object */;
}
